# THIS IS AN AUTOGENERATED FILE. DO NOT EDIT THIS FILE DIRECTLY.
# yarn lockfile v1


"@biomejs/biome@^1.9.4":
  version "1.9.4"
  resolved "https://registry.npmjs.org/@biomejs/biome/-/biome-1.9.4.tgz"
  integrity sha512-1rkd7G70+o9KkTn5KLmDYXihGoTaIGO9PIIN2ZB7UJxFrWw04CZHPYiMRjYsaDvVV7hP1dYNRLxSANLaBFGpog==
  optionalDependencies:
    "@biomejs/cli-darwin-arm64" "1.9.4"
    "@biomejs/cli-darwin-x64" "1.9.4"
    "@biomejs/cli-linux-arm64" "1.9.4"
    "@biomejs/cli-linux-arm64-musl" "1.9.4"
    "@biomejs/cli-linux-x64" "1.9.4"
    "@biomejs/cli-linux-x64-musl" "1.9.4"
    "@biomejs/cli-win32-arm64" "1.9.4"
    "@biomejs/cli-win32-x64" "1.9.4"

"@biomejs/cli-darwin-x64@1.9.4":
  version "1.9.4"
  resolved "https://registry.npmjs.org/@biomejs/cli-darwin-x64/-/cli-darwin-x64-1.9.4.tgz"
  integrity sha512-ngYBh/+bEedqkSevPVhLP4QfVPCpb+4BBe2p7Xs32dBgs7rh9nY2AIYUL6BgLw1JVXV8GlpKmb/hNiuIxfPfZg==
